github.com/franela/goblin v0.0.0-20211003143422-0a4f594942bf h1:NrF81UtW8gG2LBGkXFQFqlfNnvMt9WdB46sfdJY4oqc=
github.com/franela/goblin v0.0.0-20211003143422-0a4f594942bf/go.mod h1:VzmDKDJVZI3aJmnRI9VjAn9nJ8qPPsN1fqzr9dqInIo=
github.com/intdxdt/cmp v1.0.0 h1:/maS8/ggnklxBmK5BSyB58HumjS5VtCJiM2K2SMvc0c=
github.com/intdxdt/cmp v1.0.0/go.mod h1:6dawtInL7ZFFaHJmE7Puj7b9qfPGUxYd81jqo3z9wJw=
github.com/intdxdt/dbits v1.0.0/go.mod h1:qWY/+f1r0hePqFtMvbb1UnM5qWb5ppGmi+2XgJ1VWVQ=
github.com/intdxdt/dbits v1.0.1 h1:Xx1N1ZOeZhtP9HAQkqCUvgJrlpZKgnElJwUptHsduIg=
github.com/intdxdt/dbits v1.0.1/go.mod h1:SJoSgshMFPcRgA2sFTItp/RiosdhdGEFMwM1D4rhDFs=
github.com/intdxdt/deque v1.2.0 h1:4DP0mlEZCjqzI0vfGh4Gv9+SSjVqeUnLlctejdOjaKs=
github.com/intdxdt/deque v1.2.0/go.mod h1:E3hPgqkiFk6eJrc1QYpBHI27CNXDvR2SJrVhDUgZ0WU=
github.com/intdxdt/list v1.2.0 h1:ZqoVXrkzlMVLTwspiVncdqszvyNo9qX9x5BFLZ9+BGs=
github.com/intdxdt/list v1.2.0/go.mod h1:zTlLpceJ0RgbTv3FBBW221hu/kTMFdQB3FizdasTO4Q=
github.com/intdxdt/math v1.1.0 h1:xY91Vn4O+BQHpRvL/9bRB5uTzx2AiZuSvmX7dEZFfKw=
github.com/intdxdt/math v1.1.0/go.mod h1:bahlwnDeXJatMqSX8f6VUEG+3kUoZC1G9RqhJ6+DI0Q=
github.com/intdxdt/robust v1.0.1 h1:WyyYY3C011oBAYFzBQodY+edhJTalSTrGQIEL+fZgFk=
github.com/intdxdt/robust v1.0.1/go.mod h1:vfmLO6zLX5kmDeZpZ1RwShtncYZszKySQVk8aOdaNOk=
github.com/intdxdt/stack v1.1.0 h1:RHpoq7Bpw0Gb4U1XxBeePASVXW0C0XhU55a5Oq7lnc4=
github.com/intdxdt/stack v1.1.0/go.mod h1:asaL9N1rJL8u+5yRqbzfkZfD0s+qHUibz3Sv8Y+Rdqw=
github.com/intdxdt/str v0.0.0-20171017084702-61ba47c610b8 h1:jvBAW8zFLvk51R9EO2ekNWhtiXZU7Dbgx4Uk/2e25jQ=
github.com/intdxdt/str v0.0.0-20171017084702-61ba47c610b8/go.mod h1:GgRv5fYGKhqrW6sPkAWLhIo8A1C2BZge+GAIsEdX2v8=
github.com/intdxdt/twiddle v1.0.0/go.mod h1:SOM5zV/wCJBghQXBBoOEqP7r6EqhVqs8E0ohktuN4qo=
github.com/intdxdt/twiddle v1.0.1 h1:UTyO0Gcb39cE+Ofm75Qs7HUO/gNqBnethjCI7OjTR/g=
github.com/intdxdt/twiddle v1.0.1/go.mod h1:G/FflSleu/rhoWZo9VWxQ6u0oBmiGLbAJYdbiQ+cZ30=
golang.org/x/exp v0.0.0-20230905200255-921286631fa9 h1:GoHiUyI/Tp2nVkLI2mCxVkOjsbSXD66ic0XW0js0R9g=
golang.org/x/exp v0.0.0-20230905200255-921286631fa9/go.mod h1:S2oDrQGGwySpoQPVqRShND87VCbxmc6bL1Yd2oYrm6k=
